
Microsoft Visual Studio Solution File, Format Version 12.00
# Visual Studio Version 17
VisualStudioVersion = 17.14.36401.2 d17.14
MinimumVisualStudioVersion = 10.0.40219.1
Project("{FAE04EC0-301F-11D3-BF4B-00C04F79EFBC}") = "npu", "npu.csproj", "{F3519417-040E-4632-A301-AF9B98FC6A89}"
EndProject
Global
	GlobalSection(SolutionConfigurationPlatforms) = preSolution
		Debug|Any CPU = Debug|Any CPU
		Release|Any CPU = Release|Any CPU
	EndGlobalSection
	GlobalSection(ProjectConfigurationPlatforms) = postSolution
		{F3519417-040E-4632-A301-AF9B98FC6A89}.Debug|Any CPU.ActiveCfg = Debug|Any CPU
		{F3519417-040E-4632-A301-AF9B98FC6A89}.Debug|Any CPU.Build.0 = Debug|Any CPU
		{F3519417-040E-4632-A301-AF9B98FC6A89}.Release|Any CPU.ActiveCfg = Release|Any CPU
		{F3519417-040E-4632-A301-AF9B98FC6A89}.Release|Any CPU.Build.0 = Release|Any CPU
	EndGlobalSection
	GlobalSection(SolutionProperties) = preSolution
		HideSolutionNode = FALSE
	EndGlobalSection
	GlobalSection(ExtensibilityGlobals) = postSolution
		SolutionGuid = {0856F9DF-6D59-480A-80E8-46E0B62B8AA8}
	EndGlobalSection
EndGlobal
